// !$*UTF8*$!
{
	archiveVersion = 1;
	classes = {
	};
	objectVersion = 50;
	objects = {

/* Begin PBXBuildFile section */
		1439D51A251FEE7600E2BB54 /* AppDelegate.swift in Sources */ = {isa = PBXBuildFile; fileRef = 1439D519251FEE7600E2BB54 /* AppDelegate.swift */; };
		1439D51C251FEE7600E2BB54 /* SceneDelegate.swift in Sources */ = {isa = PBXBuildFile; fileRef = 1439D51B251FEE7600E2BB54 /* SceneDelegate.swift */; };
		1439D51E251FEE7600E2BB54 /* ViewController.swift in Sources */ = {isa = PBXBuildFile; fileRef = 1439D51D251FEE7600E2BB54 /* ViewController.swift */; };
		1439D521251FEE7600E2BB54 /* Main.storyboard in Resources */ = {isa = PBXBuildFile; fileRef = 1439D51F251FEE7600E2BB54 /* Main.storyboard */; };
		1439D523251FEE7A00E2BB54 /* Assets.xcassets in Resources */ = {isa = PBXBuildFile; fileRef = 1439D522251FEE7A00E2BB54 /* Assets.xcassets */; };
		1439D526251FEE7A00E2BB54 /* LaunchScreen.storyboard in Resources */ = {isa = PBXBuildFile; fileRef = 1439D524251FEE7A00E2BB54 /* LaunchScreen.storyboard */; };
		1439D531251FEE7A00E2BB54 /* FlixTests.swift in Sources */ = {isa = PBXBuildFile; fileRef = 1439D530251FEE7A00E2BB54 /* FlixTests.swift */; };
		1439D53C251FEE7A00E2BB54 /* FlixUITests.swift in Sources */ = {isa = PBXBuildFile; fileRef = 1439D53B251FEE7A00E2BB54 /* FlixUITests.swift */; };
/* End PBXBuildFile section */

/* Begin PBXContainerItemProxy section */
		1439D52D251FEE7A00E2BB54 /* PBXContainerItemProxy */ = {
			isa = PBXContainerItemProxy;
			containerPortal = 1439D50E251FEE7600E2BB54 /* Project object */;
			proxyType = 1;
			remoteGlobalIDString = 1439D515251FEE7600E2BB54;
			remoteInfo = Flix;
		};
		1439D538251FEE7A00E2BB54 /* PBXContainerItemProxy */ = {
			isa = PBXContainerItemProxy;
			containerPortal = 1439D50E251FEE7600E2BB54 /* Project object */;
			proxyType = 1;
			remoteGlobalIDString = 1439D515251FEE7600E2BB54;
			remoteInfo = Flix;
		};
/* End PBXContainerItemProxy section */

/* Begin PBXFileReference section */
		1439D516251FEE7600E2BB54 /* Flix.app */ = {isa = PBXFileReference; explicitFileType = wrapper.application; includeInIndex = 0; path = Flix.app; sourceTree = BUILT_PRODUCTS_DIR; };
		1439D519251FEE7600E2BB54 /* AppDelegate.swift */ = {isa = PBXFileReference; lastKnownFileType = sourcecode.swift; path = AppDelegate.swift; sourceTree = "<group>"; };
		1439D51B251FEE7600E2BB54 /* SceneDelegate.swift */ = {isa = PBXFileReference; lastKnownFileType = sourcecode.swift; path = SceneDelegate.swift; sourceTree = "<group>"; };
		1439D51D251FEE7600E2BB54 /* ViewController.swift */ = {isa = PBXFileReference; lastKnownFileType = sourcecode.swift; path = ViewController.swift; sourceTree = "<group>"; };
		1439D520251FEE7600E2BB54 /* Base */ = {isa = PBXFileReference; lastKnownFileType = file.storyboard; name = Base; path = Base.lproj/Main.storyboard; sourceTree = "<group>"; };
		1439D522251FEE7A00E2BB54 /* Assets.xcassets */ = {isa = PBXFileReference; lastKnownFileType = folder.assetcatalog; path = Assets.xcassets; sourceTree = "<group>"; };
		1439D525251FEE7A00E2BB54 /* Base */ = {isa = PBXFileReference; lastKnownFileType = file.storyboard; name = Base; path = Base.lproj/LaunchScreen.storyboard; sourceTree = "<group>"; };
		1439D527251FEE7A00E2BB54 /* Info.plist */ = {isa = PBXFileReference; lastKnownFileType = text.plist.xml; path = Info.plist; sourceTree = "<group>"; };
		1439D52C251FEE7A00E2BB54 /* FlixTests.xctest */ = {isa = PBXFileReference; explicitFileType = wrapper.cfbundle; includeInIndex = 0; path = FlixTests.xctest; sourceTree = BUILT_PRODUCTS_DIR; };
		1439D530251FEE7A00E2BB54 /* FlixTests.swift */ = {isa = PBXFileReference; lastKnownFileType = sourcecode.swift; path = FlixTests.swift; sourceTree = "<group>"; };
		1439D532251FEE7A00E2BB54 /* Info.plist */ = {isa = PBXFileReference; lastKnownFileType = text.plist.xml; path = Info.plist; sourceTree = "<group>"; };
		1439D537251FEE7A00E2BB54 /* FlixUITests.xctest */ = {isa = PBXFileReference; explicitFileType = wrapper.cfbundle; includeInIndex = 0; path = FlixUITests.xctest; sourceTree = BUILT_PRODUCTS_DIR; };
		1439D53B251FEE7A00E2BB54 /* FlixUITests.swift */ = {isa = PBXFileReference; lastKnownFileType = sourcecode.swift; path = FlixUITests.swift; sourceTree = "<group>"; };
		1439D53D251FEE7A00E2BB54 /* Info.plist */ = {isa = PBXFileReference; lastKnownFileType = text.plist.xml; path = Info.plist; sourceTree = "<group>"; };
/* End PBXFileReference section */

/* Begin PBXFrameworksBuildPhase section */
		1439D513251FEE7600E2BB54 /* Frameworks */ = {
			isa = PBXFrameworksBuildPhase;
			buildActionMask = 2147483647;
			files = (
			);
			runOnlyForDeploymentPostprocessing = 0;
		};
		1439D529251FEE7A00E2BB54 /* Frameworks */ = {
			isa = PBXFrameworksBuildPhase;
			buildActionMask = 2147483647;
			files = (
			);
			runOnlyForDeploymentPostprocessing = 0;
		};
		1439D534251FEE7A00E2BB54 /* Frameworks */ = {
			isa = PBXFrameworksBuildPhase;
			buildActionMask = 2147483647;
			files = (
			);
			runOnlyForDeploymentPostprocessing = 0;
		};
/* End PBXFrameworksBuildPhase section */

/* Begin PBXGroup section */
		1439D50D251FEE7600E2BB54 = {
			isa = PBXGroup;
			children = (
				1439D518251FEE7600E2BB54 /* Flix */,
				1439D52F251FEE7A00E2BB54 /* FlixTests */,
				1439D53A251FEE7A00E2BB54 /* FlixUITests */,
				1439D517251FEE7600E2BB54 /* Products */,
			);
			sourceTree = "<group>";
		};
		1439D517251FEE7600E2BB54 /* Products */ = {
			isa = PBXGroup;
			children = (
				1439D516251FEE7600E2BB54 /* Flix.app */,
				1439D52C251FEE7A00E2BB54 /* FlixTests.xctest */,
				1439D537251FEE7A00E2BB54 /* FlixUITests.xctest */,
			);
			name = Products;
			sourceTree = "<group>";
		};
		1439D518251FEE7600E2BB54 /* Flix */ = {
			isa = PBXGroup;
			children = (
				1439D519251FEE7600E2BB54 /* AppDelegate.swift */,
				1439D51B251FEE7600E2BB54 /* SceneDelegate.swift */,
				1439D51D251FEE7600E2BB54 /* ViewController.swift */,
				1439D51F251FEE7600E2BB54 /* Main.storyboard */,
				1439D522251FEE7A00E2BB54 /* Assets.xcassets */,
				1439D524251FEE7A00E2BB54 /* LaunchScreen.storyboard */,
				1439D527251FEE7A00E2BB54 /* Info.plist */,
			);
			path = Flix;
			sourceTree = "<group>";
		};
		1439D52F251FEE7A00E2BB54 /* FlixTests */ = {
			isa = PBXGroup;
			children = (
				1439D530251FEE7A00E2BB54 /* FlixTests.swift */,
				1439D532251FEE7A00E2BB54 /* Info.plist */,
			);
			path = FlixTests;
			sourceTree = "<group>";
		};
		1439D53A251FEE7A00E2BB54 /* FlixUITests */ = {
			isa = PBXGroup;
			children = (
				1439D53B251FEE7A00E2BB54 /* FlixUITests.swift */,
				1439D53D251FEE7A00E2BB54 /* Info.plist */,
			);
			path = FlixUITests;
			sourceTree = "<group>";
		};
/* End PBXGroup section */

/* Begin PBXNativeTarget section */
		1439D515251FEE7600E2BB54 /* Flix */ = {
			isa = PBXNativeTarget;
			buildConfigurationList = 1439D540251FEE7A00E2BB54 /* Build configuration list for PBXNativeTarget "Flix" */;
			buildPhases = (
				1439D512251FEE7600E2BB54 /* Sources */,
				1439D513251FEE7600E2BB54 /* Frameworks */,
				1439D514251FEE7600E2BB54 /* Resources */,
			);
			buildRules = (
			);
			dependencies = (
			);
			name = Flix;
			productName = Flix;
			productReference = 1439D516251FEE7600E2BB54 /* Flix.app */;
			productType = "com.apple.product-type.application";
		};
		1439D52B251FEE7A00E2BB54 /* FlixTests */ = {
			isa = PBXNativeTarget;
			buildConfigurationList = 1439D543251FEE7A00E2BB54 /* Build configuration list for PBXNativeTarget "FlixTests" */;
			buildPhases = (
				1439D528251FEE7A00E2BB54 /* Sources */,
				1439D529251FEE7A00E2BB54 /* Frameworks */,
				1439D52A251FEE7A00E2BB54 /* Resources */,
			);
			buildRules = (
			);
			dependencies = (
				1439D52E251FEE7A00E2BB54 /* PBXTargetDependency */,
			);
			name = FlixTests;
			productName = FlixTests;
			productReference = 1439D52C251FEE7A00E2BB54 /* FlixTests.xctest */;
			productType = "com.apple.product-type.bundle.unit-test";
		};
		1439D536251FEE7A00E2BB54 /* FlixUITests */ = {
			isa = PBXNativeTarget;
			buildConfigurationList = 1439D546251FEE7A00E2BB54 /* Build configuration list for PBXNativeTarget "FlixUITests" */;
			buildPhases = (
				1439D533251FEE7A00E2BB54 /* Sources */,
				1439D534251FEE7A00E2BB54 /* Frameworks */,
				1439D535251FEE7A00E2BB54 /* Resources */,
			);
			buildRules = (
			);
			dependencies = (
				1439D539251FEE7A00E2BB54 /* PBXTargetDependency */,
			);
			name = FlixUITests;
			productName = FlixUITests;
			productReference = 1439D537251FEE7A00E2BB54 /* FlixUITests.xctest */;
			productType = "com.apple.product-type.bundle.ui-testing";
		};
/* End PBXNativeTarget section */

/* Begin PBXProject section */
		1439D50E251FEE7600E2BB54 /* Project object */ = {
			isa = PBXProject;
			attributes = {
				LastSwiftUpdateCheck = 1170;
				LastUpgradeCheck = 1170;
				ORGANIZATIONNAME = kevinjzheng;
				TargetAttributes = {
					1439D515251FEE7600E2BB54 = {
						CreatedOnToolsVersion = 11.7;
					};
					1439D52B251FEE7A00E2BB54 = {
						CreatedOnToolsVersion = 11.7;
						TestTargetID = 1439D515251FEE7600E2BB54;
					};
					1439D536251FEE7A00E2BB54 = {
						CreatedOnToolsVersion = 11.7;
						TestTargetID = 1439D515251FEE7600E2BB54;
					};
				};
			};
			buildConfigurationList = 1439D511251FEE7600E2BB54 /* Build configuration list for PBXProject "Flix" */;
			compatibilityVersion = "Xcode 9.3";
			developmentRegion = en;
			hasScannedForEncodings = 0;
			knownRegions = (
				en,
				Base,
			);
			mainGroup = 1439D50D251FEE7600E2BB54;
			productRefGroup = 1439D517251FEE7600E2BB54 /* Products */;
			projectDirPath = "";
			projectRoot = "";
			targets = (
				1439D515251FEE7600E2BB54 /* Flix */,
				1439D52B251FEE7A00E2BB54 /* FlixTests */,
				1439D536251FEE7A00E2BB54 /* FlixUITests */,
			);
		};
/* End PBXProject section */

/* Begin PBXResourcesBuildPhase section */
		1439D514251FEE7600E2BB54 /* Resources */ = {
			isa = PBXResourcesBuildPhase;
			buildActionMask = 2147483647;
			files = (
				1439D526251FEE7A00E2BB54 /* LaunchScreen.storyboard in Resources */,
				1439D523251FEE7A00E2BB54 /* Assets.xcassets in Resources */,
				1439D521251FEE7600E2BB54 /* Main.storyboard in Resources */,
			);
			runOnlyForDeploymentPostprocessing = 0;
		};
		1439D52A251FEE7A00E2BB54 /* Resources */ = {
			isa = PBXResourcesBuildPhase;
			buildActionMask = 2147483647;
			files = (
			);
			runOnlyForDeploymentPostprocessing = 0;
		};
		1439D535251FEE7A00E2BB54 /* Resources */ = {
			isa = PBXResourcesBuildPhase;
			buildActionMask = 2147483647;
			files = (
			);
			runOnlyForDeploymentPostprocessing = 0;
		};
/* End PBXResourcesBuildPhase section */

/* Begin PBXSourcesBuildPhase section */
		1439D512251FEE7600E2BB54 /* Sources */ = {
			isa = PBXSourcesBuildPhase;
			buildActionMask = 2147483647;
			files = (
				1439D51E251FEE7600E2BB54 /* ViewController.swift in Sources */,
				1439D51A251FEE7600E2BB54 /* AppDelegate.swift in Sources */,
				1439D51C251FEE7600E2BB54 /* SceneDelegate.swift in Sources */,
			);
			runOnlyForDeploymentPostprocessing = 0;
		};
		1439D528251FEE7A00E2BB54 /* Sources */ = {
			isa = PBXSourcesBuildPhase;
			buildActionMask = 2147483647;
			files = (
				1439D531251FEE7A00E2BB54 /* FlixTests.swift in Sources */,
			);
			runOnlyForDeploymentPostprocessing = 0;
		};
		1439D533251FEE7A00E2BB54 /* Sources */ = {
			isa = PBXSourcesBuildPhase;
			buildActionMask = 2147483647;
			files = (
				1439D53C251FEE7A00E2BB54 /* FlixUITests.swift in Sources */,
			);
			runOnlyForDeploymentPostprocessing = 0;
		};
/* End PBXSourcesBuildPhase section */

/* Begin PBXTargetDependency section */
		1439D52E251FEE7A00E2BB54 /* PBXTargetDependency */ = {
			isa = PBXTargetDependency;
			target = 1439D515251FEE7600E2BB54 /* Flix */;
			targetProxy = 1439D52D251FEE7A00E2BB54 /* PBXContainerItemProxy */;
		};
		1439D539251FEE7A00E2BB54 /* PBXTargetDependency */ = {
			isa = PBXTargetDependency;
			target = 1439D515251FEE7600E2BB54 /* Flix */;
			targetProxy = 1439D538251FEE7A00E2BB54 /* PBXContainerItemProxy */;
		};
/* End PBXTargetDependency section */

/* Begin PBXVariantGroup section */
		1439D51F251FEE7600E2BB54 /* Main.storyboard */ = {
			isa = PBXVariantGroup;
			children = (
				1439D520251FEE7600E2BB54 /* Base */,
			);
			name = Main.storyboard;
			sourceTree = "<group>";
		};
		1439D524251FEE7A00E2BB54 /* LaunchScreen.storyboard */ = {
			isa = PBXVariantGroup;
			children = (
				1439D525251FEE7A00E2BB54 /* Base */,
			);
			name = LaunchScreen.storyboard;
			sourceTree = "<group>";
		};
/* End PBXVariantGroup section */

/* Begin XCBuildConfiguration section */
		1439D53E251FEE7A00E2BB54 /* Debug */ = {
			isa = XCBuildConfiguration;
			buildSettings = {
				ALWAYS_SEARCH_USER_PATHS = NO;
				CLANG_ANALYZER_NONNULL = YES;
				CLANG_ANALYZER_NUMBER_OBJECT_CONVERSION = YES_AGGRESSIVE;
				CLANG_CXX_LANGUAGE_STANDARD = "gnu++14";
				CLANG_CXX_LIBRARY = "libc++";
				CLANG_ENABLE_MODULES = YES;
				CLANG_ENABLE_OBJC_ARC = YES;
				CLANG_ENABLE_OBJC_WEAK = YES;
				CLANG_WARN_BLOCK_CAPTURE_AUTORELEASING = YES;
				CLANG_WARN_BOOL_CONVERSION = YES;
				CLANG_WARN_COMMA = YES;
				CLANG_WARN_CONSTANT_CONVERSION = YES;
				CLANG_WARN_DEPRECATED_OBJC_IMPLEMENTATIONS = YES;
				CLANG_WARN_DIRECT_OBJC_ISA_USAGE = YES_ERROR;
				CLANG_WARN_DOCUMENTATION_COMMENTS = YES;
				CLANG_WARN_EMPTY_BODY = YES;
				CLANG_WARN_ENUM_CONVERSION = YES;
				CLANG_WARN_INFINITE_RECURSION = YES;
				CLANG_WARN_INT_CONVERSION = YES;
				CLANG_WARN_NON_LITERAL_NULL_CONVERSION = YES;
				CLANG_WARN_OBJC_IMPLICIT_RETAIN_SELF = YES;
				CLANG_WARN_OBJC_LITERAL_CONVERSION = YES;
				CLANG_WARN_OBJC_ROOT_CLASS = YES_ERROR;
				CLANG_WARN_RANGE_LOOP_ANALYSIS = YES;
				CLANG_WARN_STRICT_PROTOTYPES = YES;
				CLANG_WARN_SUSPICIOUS_MOVE = YES;
				CLANG_WARN_UNGUARDED_AVAILABILITY = YES_AGGRESSIVE;
				CLANG_WARN_UNREACHABLE_CODE = YES;
				CLANG_WARN__DUPLICATE_METHOD_MATCH = YES;
				COPY_PHASE_STRIP = NO;
				DEBUG_INFORMATION_FORMAT = dwarf;
				ENABLE_STRICT_OBJC_MSGSEND = YES;
				ENABLE_TESTABILITY = YES;
				GCC_C_LANGUAGE_STANDARD = gnu11;
				GCC_DYNAMIC_NO_PIC = NO;
				GCC_NO_COMMON_BLOCKS = YES;
				GCC_OPTIMIZATION_LEVEL = 0;
				GCC_PREPROCESSOR_DEFINITIONS = (
					"DEBUG=1",
					"$(inherited)",
				);
				GCC_WARN_64_TO_32_BIT_CONVERSION = YES;
				GCC_WARN_ABOUT_RETURN_TYPE = YES_ERROR;
				GCC_WARN_UNDECLARED_SELECTOR = YES;
				GCC_WARN_UNINITIALIZED_AUTOS = YES_AGGRESSIVE;
				GCC_WARN_UNUSED_FUNCTION = YES;
				GCC_WARN_UNUSED_VARIABLE = YES;
				IPHONEOS_DEPLOYMENT_TARGET = 13.7;
				MTL_ENABLE_DEBUG_INFO = INCLUDE_SOURCE;
				MTL_FAST_MATH = YES;
				ONLY_ACTIVE_ARCH = YES;
				SDKROOT = iphoneos;
				SWIFT_ACTIVE_COMPILATION_CONDITIONS = DEBUG;
				SWIFT_OPTIMIZATION_LEVEL = "-Onone";
			};
			name = Debug;
		};
		1439D53F251FEE7A00E2BB54 /* Release */ = {
			isa = XCBuildConfiguration;
			buildSettings = {
				ALWAYS_SEARCH_USER_PATHS = NO;
				CLANG_ANALYZER_NONNULL = YES;
				CLANG_ANALYZER_NUMBER_OBJECT_CONVERSION = YES_AGGRESSIVE;
				CLANG_CXX_LANGUAGE_STANDARD = "gnu++14";
				CLANG_CXX_LIBRARY = "libc++";
				CLANG_ENABLE_MODULES = YES;
				CLANG_ENABLE_OBJC_ARC = YES;
				CLANG_ENABLE_OBJC_WEAK = YES;
				CLANG_WARN_BLOCK_CAPTURE_AUTORELEASING = YES;
				CLANG_WARN_BOOL_CONVERSION = YES;
				CLANG_WARN_COMMA = YES;
				CLANG_WARN_CONSTANT_CONVERSION = YES;
				CLANG_WARN_DEPRECATED_OBJC_IMPLEMENTATIONS = YES;
				CLANG_WARN_DIRECT_OBJC_ISA_USAGE = YES_ERROR;
				CLANG_WARN_DOCUMENTATION_COMMENTS = YES;
				CLANG_WARN_EMPTY_BODY = YES;
				CLANG_WARN_ENUM_CONVERSION = YES;
				CLANG_WARN_INFINITE_RECURSION = YES;
				CLANG_WARN_INT_CONVERSION = YES;
				CLANG_WARN_NON_LITERAL_NULL_CONVERSION = YES;
				CLANG_WARN_OBJC_IMPLICIT_RETAIN_SELF = YES;
				CLANG_WARN_OBJC_LITERAL_CONVERSION = YES;
				CLANG_WARN_OBJC_ROOT_CLASS = YES_ERROR;
				CLANG_WARN_RANGE_LOOP_ANALYSIS = YES;
				CLANG_WARN_STRICT_PROTOTYPES = YES;
				CLANG_WARN_SUSPICIOUS_MOVE = YES;
				CLANG_WARN_UNGUARDED_AVAILABILITY = YES_AGGRESSIVE;
				CLANG_WARN_UNREACHABLE_CODE = YES;
				CLANG_WARN__DUPLICATE_METHOD_MATCH = YES;
				COPY_PHASE_STRIP = NO;
				DEBUG_INFORMATION_FORMAT = "dwarf-with-dsym";
				ENABLE_NS_ASSERTIONS = NO;
				ENABLE_STRICT_OBJC_MSGSEND = YES;
				GCC_C_LANGUAGE_STANDARD = gnu11;
				GCC_NO_COMMON_BLOCKS = YES;
				GCC_WARN_64_TO_32_BIT_CONVERSION = YES;
				GCC_WARN_ABOUT_RETURN_TYPE = YES_ERROR;
				GCC_WARN_UNDECLARED_SELECTOR = YES;
				GCC_WARN_UNINITIALIZED_AUTOS = YES_AGGRESSIVE;
				GCC_WARN_UNUSED_FUNCTION = YES;
				GCC_WARN_UNUSED_VARIABLE = YES;
				IPHONEOS_DEPLOYMENT_TARGET = 13.7;
				MTL_ENABLE_DEBUG_INFO = NO;
				MTL_FAST_MATH = YES;
				SDKROOT = iphoneos;
				SWIFT_COMPILATION_MODE = wholemodule;
				SWIFT_OPTIMIZATION_LEVEL = "-O";
				VALIDATE_PRODUCT = YES;
			};
			name = Release;
		};
		1439D541251FEE7A00E2BB54 /* Debug */ = {
			isa = XCBuildConfiguration;
			buildSettings = {
				ASSETCATALOG_COMPILER_APPICON_NAME = AppIcon;
				CODE_SIGN_STYLE = Automatic;
				INFOPLIST_FILE = Flix/Info.plist;
				LD_RUNPATH_SEARCH_PATHS = (
					"$(inherited)",
					"@executable_path/Frameworks",
				);
				PRODUCT_BUNDLE_IDENTIFIER = Codepath.Flix;
				PRODUCT_NAME = "$(TARGET_NAME)";
				SWIFT_VERSION = 5.0;
				TARGETED_DEVICE_FAMILY = "1,2";
			};
			name = Debug;
		};
		1439D542251FEE7A00E2BB54 /* Release */ = {
			isa = XCBuildConfiguration;
			buildSettings = {
				ASSETCATALOG_COMPILER_APPICON_NAME = AppIcon;
				CODE_SIGN_STYLE = Automatic;
				INFOPLIST_FILE = Flix/Info.plist;
				LD_RUNPATH_SEARCH_PATHS = (
					"$(inherited)",
					"@executable_path/Frameworks",
				);
				PRODUCT_BUNDLE_IDENTIFIER = Codepath.Flix;
				PRODUCT_NAME = "$(TARGET_NAME)";
				SWIFT_VERSION = 5.0;
				TARGETED_DEVICE_FAMILY = "1,2";
			};
			name = Release;
		};
		1439D544251FEE7A00E2BB54 /* Debug */ = {
			isa = XCBuildConfiguration;
			buildSettings = {
				ALWAYS_EMBED_SWIFT_STANDARD_LIBRARIES = YES;
				BUNDLE_LOADER = "$(TEST_HOST)";
				CODE_SIGN_STYLE = Automatic;
				INFOPLIST_FILE = FlixTests/Info.plist;
				IPHONEOS_DEPLOYMENT_TARGET = 13.7;
				LD_RUNPATH_SEARCH_PATHS = (
					"$(inherited)",
					"@executable_path/Frameworks",
					"@loader_path/Frameworks",
				);
				PRODUCT_BUNDLE_IDENTIFIER = Codepath.FlixTests;
				PRODUCT_NAME = "$(TARGET_NAME)";
				SWIFT_VERSION = 5.0;
				TARGETED_DEVICE_FAMILY = "1,2";
				TEST_HOST = "$(BUILT_PRODUCTS_DIR)/Flix.app/Flix";
			};
			name = Debug;
		};
		1439D545251FEE7A00E2BB54 /* Release */ = {
			isa = XCBuildConfiguration;
			buildSettings = {
				ALWAYS_EMBED_SWIFT_STANDARD_LIBRARIES = YES;
				BUNDLE_LOADER = "$(TEST_HOST)";
				CODE_SIGN_STYLE = Automatic;
				INFOPLIST_FILE = FlixTests/Info.plist;
				IPHONEOS_DEPLOYMENT_TARGET = 13.7;
				LD_RUNPATH_SEARCH_PATHS = (
					"$(inherited)",
					"@executable_path/Frameworks",
					"@loader_path/Frameworks",
				);
				PRODUCT_BUNDLE_IDENTIFIER = Codepath.FlixTests;
				PRODUCT_NAME = "$(TARGET_NAME)";
				SWIFT_VERSION = 5.0;
				TARGETED_DEVICE_FAMILY = "1,2";
				TEST_HOST = "$(BUILT_PRODUCTS_DIR)/Flix.app/Flix";
			};
			name = Release;
		};
		1439D547251FEE7A00E2BB54 /* Debug */ = {
			isa = XCBuildConfiguration;
			buildSettings = {
				ALWAYS_EMBED_SWIFT_STANDARD_LIBRARIES = YES;
				CODE_SIGN_STYLE = Automatic;
				INFOPLIST_FILE = FlixUITests/Info.plist;
				LD_RUNPATH_SEARCH_PATHS = (
					"$(inherited)",
					"@executable_path/Frameworks",
					"@loader_path/Frameworks",
				);
				PRODUCT_BUNDLE_IDENTIFIER = Codepath.FlixUITests;
				PRODUCT_NAME = "$(TARGET_NAME)";
				SWIFT_VERSION = 5.0;
				TARGETED_DEVICE_FAMILY = "1,2";
				TEST_TARGET_NAME = Flix;
			};
			name = Debug;
		};
		1439D548251FEE7A00E2BB54 /* Release */ = {
			isa = XCBuildConfiguration;
			buildSettings = {
				ALWAYS_EMBED_SWIFT_STANDARD_LIBRARIES = YES;
				CODE_SIGN_STYLE = Automatic;
				INFOPLIST_FILE = FlixUITests/Info.plist;
				LD_RUNPATH_SEARCH_PATHS = (
					"$(inherited)",
					"@executable_path/Frameworks",
					"@loader_path/Frameworks",
				);
				PRODUCT_BUNDLE_IDENTIFIER = Codepath.FlixUITests;
				PRODUCT_NAME = "$(TARGET_NAME)";
				SWIFT_VERSION = 5.0;
				TARGETED_DEVICE_FAMILY = "1,2";
				TEST_TARGET_NAME = Flix;
			};
			name = Release;
		};
/* End XCBuildConfiguration section */

/* Begin XCConfigurationList section */
		1439D511251FEE7600E2BB54 /* Build configuration list for PBXProject "Flix" */ = {
			isa = XCConfigurationList;
			buildConfigurations = (
				1439D53E251FEE7A00E2BB54 /* Debug */,
				1439D53F251FEE7A00E2BB54 /* Release */,
			);
			defaultConfigurationIsVisible = 0;
			defaultConfigurationName = Release;
		};
		1439D540251FEE7A00E2BB54 /* Build configuration list for PBXNativeTarget "Flix" */ = {
			isa = XCConfigurationList;
			buildConfigurations = (
				1439D541251FEE7A00E2BB54 /* Debug */,
				1439D542251FEE7A00E2BB54 /* Release */,
			);
			defaultConfigurationIsVisible = 0;
			defaultConfigurationName = Release;
		};
		1439D543251FEE7A00E2BB54 /* Build configuration list for PBXNativeTarget "FlixTests" */ = {
			isa = XCConfigurationList;
			buildConfigurations = (
				1439D544251FEE7A00E2BB54 /* Debug */,
				1439D545251FEE7A00E2BB54 /* Release */,
			);
			defaultConfigurationIsVisible = 0;
			defaultConfigurationName = Release;
		};
		1439D546251FEE7A00E2BB54 /* Build configuration list for PBXNativeTarget "FlixUITests" */ = {
			isa = XCConfigurationList;
			buildConfigurations = (
				1439D547251FEE7A00E2BB54 /* Debug */,
				1439D548251FEE7A00E2BB54 /* Release */,
			);
			defaultConfigurationIsVisible = 0;
			defaultConfigurationName = Release;
		};
/* End XCConfigurationList section */
	};
	rootObject = 1439D50E251FEE7600E2BB54 /* Project object */;
}
